
Microsoft Visual Studio Solution File, Format Version 12.00
# Visual Studio Version 16
VisualStudioVersion = 16.0.31205.134
MinimumVisualStudioVersion = 10.0.40219.1
Project("{FAE04EC0-301F-11D3-BF4B-00C04F79EFBC}") = "StarAlliesRandomizer", "StarAlliesRandomizer\StarAlliesRandomizer.csproj", "{0393A318-1220-4A7E-B112-B65AC6F2C94C}"
EndProject
Global
	GlobalSection(SolutionConfigurationPlatforms) = preSolution
		Debug|Any CPU = Debug|Any CPU
		Release|Any CPU = Release|Any CPU
	EndGlobalSection
	GlobalSection(ProjectConfigurationPlatforms) = postSolution
		{0393A318-1220-4A7E-B112-B65AC6F2C94C}.Debug|Any CPU.ActiveCfg = Debug|Any CPU
		{0393A318-1220-4A7E-B112-B65AC6F2C94C}.Debug|Any CPU.Build.0 = Debug|Any CPU
		{0393A318-1220-4A7E-B112-B65AC6F2C94C}.Release|Any CPU.ActiveCfg = Release|Any CPU
		{0393A318-1220-4A7E-B112-B65AC6F2C94C}.Release|Any CPU.Build.0 = Release|Any CPU
	EndGlobalSection
	GlobalSection(SolutionProperties) = preSolution
		HideSolutionNode = FALSE
	EndGlobalSection
	GlobalSection(ExtensibilityGlobals) = postSolution
		SolutionGuid = {65C2C898-E814-43FD-B669-7FFBF1FE9A91}
	EndGlobalSection
EndGlobal
